// !$*UTF8*$!
{
	archiveVersion = 1;
	classes = {
	};
	objectVersion = 50;
	objects = {

/* Begin PBXBuildFile section */
		FB3DED06253C2C9D00C94BB1 /* MVISwiftUIApp.swift in Sources */ = {isa = PBXBuildFile; fileRef = FB3DED05253C2C9D00C94BB1 /* MVISwiftUIApp.swift */; };
		FB3DED08253C2C9D00C94BB1 /* ContentView.swift in Sources */ = {isa = PBXBuildFile; fileRef = FB3DED07253C2C9D00C94BB1 /* ContentView.swift */; };
		FB3DED0A253C2C9F00C94BB1 /* Assets.xcassets in Resources */ = {isa = PBXBuildFile; fileRef = FB3DED09253C2C9F00C94BB1 /* Assets.xcassets */; };
		FB3DED0D253C2C9F00C94BB1 /* Preview Assets.xcassets in Resources */ = {isa = PBXBuildFile; fileRef = FB3DED0C253C2C9F00C94BB1 /* Preview Assets.xcassets */; };
		FB3DED18253C2C9F00C94BB1 /* MVISwiftUITests.swift in Sources */ = {isa = PBXBuildFile; fileRef = FB3DED17253C2C9F00C94BB1 /* MVISwiftUITests.swift */; };
		FB3DED23253C2C9F00C94BB1 /* MVISwiftUIUITests.swift in Sources */ = {isa = PBXBuildFile; fileRef = FB3DED22253C2C9F00C94BB1 /* MVISwiftUIUITests.swift */; };
/* End PBXBuildFile section */

/* Begin PBXContainerItemProxy section */
		FB3DED14253C2C9F00C94BB1 /* PBXContainerItemProxy */ = {
			isa = PBXContainerItemProxy;
			containerPortal = FB3DECFA253C2C9D00C94BB1 /* Project object */;
			proxyType = 1;
			remoteGlobalIDString = FB3DED01253C2C9D00C94BB1;
			remoteInfo = MVISwiftUI;
		};
		FB3DED1F253C2C9F00C94BB1 /* PBXContainerItemProxy */ = {
			isa = PBXContainerItemProxy;
			containerPortal = FB3DECFA253C2C9D00C94BB1 /* Project object */;
			proxyType = 1;
			remoteGlobalIDString = FB3DED01253C2C9D00C94BB1;
			remoteInfo = MVISwiftUI;
		};
/* End PBXContainerItemProxy section */

/* Begin PBXFileReference section */
		FB3DED02253C2C9D00C94BB1 /* MVISwiftUI.app */ = {isa = PBXFileReference; explicitFileType = wrapper.application; includeInIndex = 0; path = MVISwiftUI.app; sourceTree = BUILT_PRODUCTS_DIR; };
		FB3DED05253C2C9D00C94BB1 /* MVISwiftUIApp.swift */ = {isa = PBXFileReference; lastKnownFileType = sourcecode.swift; path = MVISwiftUIApp.swift; sourceTree = "<group>"; };
		FB3DED07253C2C9D00C94BB1 /* ContentView.swift */ = {isa = PBXFileReference; lastKnownFileType = sourcecode.swift; path = ContentView.swift; sourceTree = "<group>"; };
		FB3DED09253C2C9F00C94BB1 /* Assets.xcassets */ = {isa = PBXFileReference; lastKnownFileType = folder.assetcatalog; path = Assets.xcassets; sourceTree = "<group>"; };
		FB3DED0C253C2C9F00C94BB1 /* Preview Assets.xcassets */ = {isa = PBXFileReference; lastKnownFileType = folder.assetcatalog; path = "Preview Assets.xcassets"; sourceTree = "<group>"; };
		FB3DED0E253C2C9F00C94BB1 /* Info.plist */ = {isa = PBXFileReference; lastKnownFileType = text.plist.xml; path = Info.plist; sourceTree = "<group>"; };
		FB3DED13253C2C9F00C94BB1 /* MVISwiftUITests.xctest */ = {isa = PBXFileReference; explicitFileType = wrapper.cfbundle; includeInIndex = 0; path = MVISwiftUITests.xctest; sourceTree = BUILT_PRODUCTS_DIR; };
		FB3DED17253C2C9F00C94BB1 /* MVISwiftUITests.swift */ = {isa = PBXFileReference; lastKnownFileType = sourcecode.swift; path = MVISwiftUITests.swift; sourceTree = "<group>"; };
		FB3DED19253C2C9F00C94BB1 /* Info.plist */ = {isa = PBXFileReference; lastKnownFileType = text.plist.xml; path = Info.plist; sourceTree = "<group>"; };
		FB3DED1E253C2C9F00C94BB1 /* MVISwiftUIUITests.xctest */ = {isa = PBXFileReference; explicitFileType = wrapper.cfbundle; includeInIndex = 0; path = MVISwiftUIUITests.xctest; sourceTree = BUILT_PRODUCTS_DIR; };
		FB3DED22253C2C9F00C94BB1 /* MVISwiftUIUITests.swift */ = {isa = PBXFileReference; lastKnownFileType = sourcecode.swift; path = MVISwiftUIUITests.swift; sourceTree = "<group>"; };
		FB3DED24253C2C9F00C94BB1 /* Info.plist */ = {isa = PBXFileReference; lastKnownFileType = text.plist.xml; path = Info.plist; sourceTree = "<group>"; };
/* End PBXFileReference section */

/* Begin PBXFrameworksBuildPhase section */
		FB3DECFF253C2C9D00C94BB1 /* Frameworks */ = {
			isa = PBXFrameworksBuildPhase;
			buildActionMask = 2147483647;
			files = (
			);
			runOnlyForDeploymentPostprocessing = 0;
		};
		FB3DED10253C2C9F00C94BB1 /* Frameworks */ = {
			isa = PBXFrameworksBuildPhase;
			buildActionMask = 2147483647;
			files = (
			);
			runOnlyForDeploymentPostprocessing = 0;
		};
		FB3DED1B253C2C9F00C94BB1 /* Frameworks */ = {
			isa = PBXFrameworksBuildPhase;
			buildActionMask = 2147483647;
			files = (
			);
			runOnlyForDeploymentPostprocessing = 0;
		};
/* End PBXFrameworksBuildPhase section */

/* Begin PBXGroup section */
		FB3DECF9253C2C9D00C94BB1 = {
			isa = PBXGroup;
			children = (
				FB3DED04253C2C9D00C94BB1 /* MVISwiftUI */,
				FB3DED16253C2C9F00C94BB1 /* MVISwiftUITests */,
				FB3DED21253C2C9F00C94BB1 /* MVISwiftUIUITests */,
				FB3DED03253C2C9D00C94BB1 /* Products */,
			);
			sourceTree = "<group>";
		};
		FB3DED03253C2C9D00C94BB1 /* Products */ = {
			isa = PBXGroup;
			children = (
				FB3DED02253C2C9D00C94BB1 /* MVISwiftUI.app */,
				FB3DED13253C2C9F00C94BB1 /* MVISwiftUITests.xctest */,
				FB3DED1E253C2C9F00C94BB1 /* MVISwiftUIUITests.xctest */,
			);
			name = Products;
			sourceTree = "<group>";
		};
		FB3DED04253C2C9D00C94BB1 /* MVISwiftUI */ = {
			isa = PBXGroup;
			children = (
				FB3DED05253C2C9D00C94BB1 /* MVISwiftUIApp.swift */,
				FB3DED07253C2C9D00C94BB1 /* ContentView.swift */,
				FB3DED09253C2C9F00C94BB1 /* Assets.xcassets */,
				FB3DED0E253C2C9F00C94BB1 /* Info.plist */,
				FB3DED0B253C2C9F00C94BB1 /* Preview Content */,
			);
			path = MVISwiftUI;
			sourceTree = "<group>";
		};
		FB3DED0B253C2C9F00C94BB1 /* Preview Content */ = {
			isa = PBXGroup;
			children = (
				FB3DED0C253C2C9F00C94BB1 /* Preview Assets.xcassets */,
			);
			path = "Preview Content";
			sourceTree = "<group>";
		};
		FB3DED16253C2C9F00C94BB1 /* MVISwiftUITests */ = {
			isa = PBXGroup;
			children = (
				FB3DED17253C2C9F00C94BB1 /* MVISwiftUITests.swift */,
				FB3DED19253C2C9F00C94BB1 /* Info.plist */,
			);
			path = MVISwiftUITests;
			sourceTree = "<group>";
		};
		FB3DED21253C2C9F00C94BB1 /* MVISwiftUIUITests */ = {
			isa = PBXGroup;
			children = (
				FB3DED22253C2C9F00C94BB1 /* MVISwiftUIUITests.swift */,
				FB3DED24253C2C9F00C94BB1 /* Info.plist */,
			);
			path = MVISwiftUIUITests;
			sourceTree = "<group>";
		};
/* End PBXGroup section */

/* Begin PBXNativeTarget section */
		FB3DED01253C2C9D00C94BB1 /* MVISwiftUI */ = {
			isa = PBXNativeTarget;
			buildConfigurationList = FB3DED27253C2C9F00C94BB1 /* Build configuration list for PBXNativeTarget "MVISwiftUI" */;
			buildPhases = (
				FB3DECFE253C2C9D00C94BB1 /* Sources */,
				FB3DECFF253C2C9D00C94BB1 /* Frameworks */,
				FB3DED00253C2C9D00C94BB1 /* Resources */,
			);
			buildRules = (
			);
			dependencies = (
			);
			name = MVISwiftUI;
			productName = MVISwiftUI;
			productReference = FB3DED02253C2C9D00C94BB1 /* MVISwiftUI.app */;
			productType = "com.apple.product-type.application";
		};
		FB3DED12253C2C9F00C94BB1 /* MVISwiftUITests */ = {
			isa = PBXNativeTarget;
			buildConfigurationList = FB3DED2A253C2C9F00C94BB1 /* Build configuration list for PBXNativeTarget "MVISwiftUITests" */;
			buildPhases = (
				FB3DED0F253C2C9F00C94BB1 /* Sources */,
				FB3DED10253C2C9F00C94BB1 /* Frameworks */,
				FB3DED11253C2C9F00C94BB1 /* Resources */,
			);
			buildRules = (
			);
			dependencies = (
				FB3DED15253C2C9F00C94BB1 /* PBXTargetDependency */,
			);
			name = MVISwiftUITests;
			productName = MVISwiftUITests;
			productReference = FB3DED13253C2C9F00C94BB1 /* MVISwiftUITests.xctest */;
			productType = "com.apple.product-type.bundle.unit-test";
		};
		FB3DED1D253C2C9F00C94BB1 /* MVISwiftUIUITests */ = {
			isa = PBXNativeTarget;
			buildConfigurationList = FB3DED2D253C2C9F00C94BB1 /* Build configuration list for PBXNativeTarget "MVISwiftUIUITests" */;
			buildPhases = (
				FB3DED1A253C2C9F00C94BB1 /* Sources */,
				FB3DED1B253C2C9F00C94BB1 /* Frameworks */,
				FB3DED1C253C2C9F00C94BB1 /* Resources */,
			);
			buildRules = (
			);
			dependencies = (
				FB3DED20253C2C9F00C94BB1 /* PBXTargetDependency */,
			);
			name = MVISwiftUIUITests;
			productName = MVISwiftUIUITests;
			productReference = FB3DED1E253C2C9F00C94BB1 /* MVISwiftUIUITests.xctest */;
			productType = "com.apple.product-type.bundle.ui-testing";
		};
/* End PBXNativeTarget section */

/* Begin PBXProject section */
		FB3DECFA253C2C9D00C94BB1 /* Project object */ = {
			isa = PBXProject;
			attributes = {
				LastSwiftUpdateCheck = 1200;
				LastUpgradeCheck = 1200;
				TargetAttributes = {
					FB3DED01253C2C9D00C94BB1 = {
						CreatedOnToolsVersion = 12.0.1;
					};
					FB3DED12253C2C9F00C94BB1 = {
						CreatedOnToolsVersion = 12.0.1;
						TestTargetID = FB3DED01253C2C9D00C94BB1;
					};
					FB3DED1D253C2C9F00C94BB1 = {
						CreatedOnToolsVersion = 12.0.1;
						TestTargetID = FB3DED01253C2C9D00C94BB1;
					};
				};
			};
			buildConfigurationList = FB3DECFD253C2C9D00C94BB1 /* Build configuration list for PBXProject "MVISwiftUI" */;
			compatibilityVersion = "Xcode 9.3";
			developmentRegion = en;
			hasScannedForEncodings = 0;
			knownRegions = (
				en,
				Base,
			);
			mainGroup = FB3DECF9253C2C9D00C94BB1;
			productRefGroup = FB3DED03253C2C9D00C94BB1 /* Products */;
			projectDirPath = "";
			projectRoot = "";
			targets = (
				FB3DED01253C2C9D00C94BB1 /* MVISwiftUI */,
				FB3DED12253C2C9F00C94BB1 /* MVISwiftUITests */,
				FB3DED1D253C2C9F00C94BB1 /* MVISwiftUIUITests */,
			);
		};
/* End PBXProject section */

/* Begin PBXResourcesBuildPhase section */
		FB3DED00253C2C9D00C94BB1 /* Resources */ = {
			isa = PBXResourcesBuildPhase;
			buildActionMask = 2147483647;
			files = (
				FB3DED0D253C2C9F00C94BB1 /* Preview Assets.xcassets in Resources */,
				FB3DED0A253C2C9F00C94BB1 /* Assets.xcassets in Resources */,
			);
			runOnlyForDeploymentPostprocessing = 0;
		};
		FB3DED11253C2C9F00C94BB1 /* Resources */ = {
			isa = PBXResourcesBuildPhase;
			buildActionMask = 2147483647;
			files = (
			);
			runOnlyForDeploymentPostprocessing = 0;
		};
		FB3DED1C253C2C9F00C94BB1 /* Resources */ = {
			isa = PBXResourcesBuildPhase;
			buildActionMask = 2147483647;
			files = (
			);
			runOnlyForDeploymentPostprocessing = 0;
		};
/* End PBXResourcesBuildPhase section */

/* Begin PBXSourcesBuildPhase section */
		FB3DECFE253C2C9D00C94BB1 /* Sources */ = {
			isa = PBXSourcesBuildPhase;
			buildActionMask = 2147483647;
			files = (
				FB3DED08253C2C9D00C94BB1 /* ContentView.swift in Sources */,
				FB3DED06253C2C9D00C94BB1 /* MVISwiftUIApp.swift in Sources */,
			);
			runOnlyForDeploymentPostprocessing = 0;
		};
		FB3DED0F253C2C9F00C94BB1 /* Sources */ = {
			isa = PBXSourcesBuildPhase;
			buildActionMask = 2147483647;
			files = (
				FB3DED18253C2C9F00C94BB1 /* MVISwiftUITests.swift in Sources */,
			);
			runOnlyForDeploymentPostprocessing = 0;
		};
		FB3DED1A253C2C9F00C94BB1 /* Sources */ = {
			isa = PBXSourcesBuildPhase;
			buildActionMask = 2147483647;
			files = (
				FB3DED23253C2C9F00C94BB1 /* MVISwiftUIUITests.swift in Sources */,
			);
			runOnlyForDeploymentPostprocessing = 0;
		};
/* End PBXSourcesBuildPhase section */

/* Begin PBXTargetDependency section */
		FB3DED15253C2C9F00C94BB1 /* PBXTargetDependency */ = {
			isa = PBXTargetDependency;
			target = FB3DED01253C2C9D00C94BB1 /* MVISwiftUI */;
			targetProxy = FB3DED14253C2C9F00C94BB1 /* PBXContainerItemProxy */;
		};
		FB3DED20253C2C9F00C94BB1 /* PBXTargetDependency */ = {
			isa = PBXTargetDependency;
			target = FB3DED01253C2C9D00C94BB1 /* MVISwiftUI */;
			targetProxy = FB3DED1F253C2C9F00C94BB1 /* PBXContainerItemProxy */;
		};
/* End PBXTargetDependency section */

/* Begin XCBuildConfiguration section */
		FB3DED25253C2C9F00C94BB1 /* Debug */ = {
			isa = XCBuildConfiguration;
			buildSettings = {
				ALWAYS_SEARCH_USER_PATHS = NO;
				CLANG_ANALYZER_NONNULL = YES;
				CLANG_ANALYZER_NUMBER_OBJECT_CONVERSION = YES_AGGRESSIVE;
				CLANG_CXX_LANGUAGE_STANDARD = "gnu++14";
				CLANG_CXX_LIBRARY = "libc++";
				CLANG_ENABLE_MODULES = YES;
				CLANG_ENABLE_OBJC_ARC = YES;
				CLANG_ENABLE_OBJC_WEAK = YES;
				CLANG_WARN_BLOCK_CAPTURE_AUTORELEASING = YES;
				CLANG_WARN_BOOL_CONVERSION = YES;
				CLANG_WARN_COMMA = YES;
				CLANG_WARN_CONSTANT_CONVERSION = YES;
				CLANG_WARN_DEPRECATED_OBJC_IMPLEMENTATIONS = YES;
				CLANG_WARN_DIRECT_OBJC_ISA_USAGE = YES_ERROR;
				CLANG_WARN_DOCUMENTATION_COMMENTS = YES;
				CLANG_WARN_EMPTY_BODY = YES;
				CLANG_WARN_ENUM_CONVERSION = YES;
				CLANG_WARN_INFINITE_RECURSION = YES;
				CLANG_WARN_INT_CONVERSION = YES;
				CLANG_WARN_NON_LITERAL_NULL_CONVERSION = YES;
				CLANG_WARN_OBJC_IMPLICIT_RETAIN_SELF = YES;
				CLANG_WARN_OBJC_LITERAL_CONVERSION = YES;
				CLANG_WARN_OBJC_ROOT_CLASS = YES_ERROR;
				CLANG_WARN_QUOTED_INCLUDE_IN_FRAMEWORK_HEADER = YES;
				CLANG_WARN_RANGE_LOOP_ANALYSIS = YES;
				CLANG_WARN_STRICT_PROTOTYPES = YES;
				CLANG_WARN_SUSPICIOUS_MOVE = YES;
				CLANG_WARN_UNGUARDED_AVAILABILITY = YES_AGGRESSIVE;
				CLANG_WARN_UNREACHABLE_CODE = YES;
				CLANG_WARN__DUPLICATE_METHOD_MATCH = YES;
				COPY_PHASE_STRIP = NO;
				DEBUG_INFORMATION_FORMAT = dwarf;
				ENABLE_STRICT_OBJC_MSGSEND = YES;
				ENABLE_TESTABILITY = YES;
				GCC_C_LANGUAGE_STANDARD = gnu11;
				GCC_DYNAMIC_NO_PIC = NO;
				GCC_NO_COMMON_BLOCKS = YES;
				GCC_OPTIMIZATION_LEVEL = 0;
				GCC_PREPROCESSOR_DEFINITIONS = (
					"DEBUG=1",
					"$(inherited)",
				);
				GCC_WARN_64_TO_32_BIT_CONVERSION = YES;
				GCC_WARN_ABOUT_RETURN_TYPE = YES_ERROR;
				GCC_WARN_UNDECLARED_SELECTOR = YES;
				GCC_WARN_UNINITIALIZED_AUTOS = YES_AGGRESSIVE;
				GCC_WARN_UNUSED_FUNCTION = YES;
				GCC_WARN_UNUSED_VARIABLE = YES;
				IPHONEOS_DEPLOYMENT_TARGET = 14.0;
				MTL_ENABLE_DEBUG_INFO = INCLUDE_SOURCE;
				MTL_FAST_MATH = YES;
				ONLY_ACTIVE_ARCH = YES;
				SDKROOT = iphoneos;
				SWIFT_ACTIVE_COMPILATION_CONDITIONS = DEBUG;
				SWIFT_OPTIMIZATION_LEVEL = "-Onone";
			};
			name = Debug;
		};
		FB3DED26253C2C9F00C94BB1 /* Release */ = {
			isa = XCBuildConfiguration;
			buildSettings = {
				ALWAYS_SEARCH_USER_PATHS = NO;
				CLANG_ANALYZER_NONNULL = YES;
				CLANG_ANALYZER_NUMBER_OBJECT_CONVERSION = YES_AGGRESSIVE;
				CLANG_CXX_LANGUAGE_STANDARD = "gnu++14";
				CLANG_CXX_LIBRARY = "libc++";
				CLANG_ENABLE_MODULES = YES;
				CLANG_ENABLE_OBJC_ARC = YES;
				CLANG_ENABLE_OBJC_WEAK = YES;
				CLANG_WARN_BLOCK_CAPTURE_AUTORELEASING = YES;
				CLANG_WARN_BOOL_CONVERSION = YES;
				CLANG_WARN_COMMA = YES;
				CLANG_WARN_CONSTANT_CONVERSION = YES;
				CLANG_WARN_DEPRECATED_OBJC_IMPLEMENTATIONS = YES;
				CLANG_WARN_DIRECT_OBJC_ISA_USAGE = YES_ERROR;
				CLANG_WARN_DOCUMENTATION_COMMENTS = YES;
				CLANG_WARN_EMPTY_BODY = YES;
				CLANG_WARN_ENUM_CONVERSION = YES;
				CLANG_WARN_INFINITE_RECURSION = YES;
				CLANG_WARN_INT_CONVERSION = YES;
				CLANG_WARN_NON_LITERAL_NULL_CONVERSION = YES;
				CLANG_WARN_OBJC_IMPLICIT_RETAIN_SELF = YES;
				CLANG_WARN_OBJC_LITERAL_CONVERSION = YES;
				CLANG_WARN_OBJC_ROOT_CLASS = YES_ERROR;
				CLANG_WARN_QUOTED_INCLUDE_IN_FRAMEWORK_HEADER = YES;
				CLANG_WARN_RANGE_LOOP_ANALYSIS = YES;
				CLANG_WARN_STRICT_PROTOTYPES = YES;
				CLANG_WARN_SUSPICIOUS_MOVE = YES;
				CLANG_WARN_UNGUARDED_AVAILABILITY = YES_AGGRESSIVE;
				CLANG_WARN_UNREACHABLE_CODE = YES;
				CLANG_WARN__DUPLICATE_METHOD_MATCH = YES;
				COPY_PHASE_STRIP = NO;
				DEBUG_INFORMATION_FORMAT = "dwarf-with-dsym";
				ENABLE_NS_ASSERTIONS = NO;
				ENABLE_STRICT_OBJC_MSGSEND = YES;
				GCC_C_LANGUAGE_STANDARD = gnu11;
				GCC_NO_COMMON_BLOCKS = YES;
				GCC_WARN_64_TO_32_BIT_CONVERSION = YES;
				GCC_WARN_ABOUT_RETURN_TYPE = YES_ERROR;
				GCC_WARN_UNDECLARED_SELECTOR = YES;
				GCC_WARN_UNINITIALIZED_AUTOS = YES_AGGRESSIVE;
				GCC_WARN_UNUSED_FUNCTION = YES;
				GCC_WARN_UNUSED_VARIABLE = YES;
				IPHONEOS_DEPLOYMENT_TARGET = 14.0;
				MTL_ENABLE_DEBUG_INFO = NO;
				MTL_FAST_MATH = YES;
				SDKROOT = iphoneos;
				SWIFT_COMPILATION_MODE = wholemodule;
				SWIFT_OPTIMIZATION_LEVEL = "-O";
				VALIDATE_PRODUCT = YES;
			};
			name = Release;
		};
		FB3DED28253C2C9F00C94BB1 /* Debug */ = {
			isa = XCBuildConfiguration;
			buildSettings = {
				ASSETCATALOG_COMPILER_APPICON_NAME = AppIcon;
				ASSETCATALOG_COMPILER_GLOBAL_ACCENT_COLOR_NAME = AccentColor;
				CODE_SIGN_STYLE = Automatic;
				DEVELOPMENT_ASSET_PATHS = "\"MVISwiftUI/Preview Content\"";
				DEVELOPMENT_TEAM = 3ATXW43MG6;
				ENABLE_PREVIEWS = YES;
				INFOPLIST_FILE = MVISwiftUI/Info.plist;
				IPHONEOS_DEPLOYMENT_TARGET = 14.0;
				LD_RUNPATH_SEARCH_PATHS = (
					"$(inherited)",
					"@executable_path/Frameworks",
				);
				PRODUCT_BUNDLE_IDENTIFIER = com.prongbang.MVISwiftUI;
				PRODUCT_NAME = "$(TARGET_NAME)";
				SWIFT_VERSION = 5.0;
				TARGETED_DEVICE_FAMILY = "1,2";
			};
			name = Debug;
		};
		FB3DED29253C2C9F00C94BB1 /* Release */ = {
			isa = XCBuildConfiguration;
			buildSettings = {
				ASSETCATALOG_COMPILER_APPICON_NAME = AppIcon;
				ASSETCATALOG_COMPILER_GLOBAL_ACCENT_COLOR_NAME = AccentColor;
				CODE_SIGN_STYLE = Automatic;
				DEVELOPMENT_ASSET_PATHS = "\"MVISwiftUI/Preview Content\"";
				DEVELOPMENT_TEAM = 3ATXW43MG6;
				ENABLE_PREVIEWS = YES;
				INFOPLIST_FILE = MVISwiftUI/Info.plist;
				IPHONEOS_DEPLOYMENT_TARGET = 14.0;
				LD_RUNPATH_SEARCH_PATHS = (
					"$(inherited)",
					"@executable_path/Frameworks",
				);
				PRODUCT_BUNDLE_IDENTIFIER = com.prongbang.MVISwiftUI;
				PRODUCT_NAME = "$(TARGET_NAME)";
				SWIFT_VERSION = 5.0;
				TARGETED_DEVICE_FAMILY = "1,2";
			};
			name = Release;
		};
		FB3DED2B253C2C9F00C94BB1 /* Debug */ = {
			isa = XCBuildConfiguration;
			buildSettings = {
				ALWAYS_EMBED_SWIFT_STANDARD_LIBRARIES = YES;
				BUNDLE_LOADER = "$(TEST_HOST)";
				CODE_SIGN_STYLE = Automatic;
				DEVELOPMENT_TEAM = 3ATXW43MG6;
				INFOPLIST_FILE = MVISwiftUITests/Info.plist;
				IPHONEOS_DEPLOYMENT_TARGET = 14.0;
				LD_RUNPATH_SEARCH_PATHS = (
					"$(inherited)",
					"@executable_path/Frameworks",
					"@loader_path/Frameworks",
				);
				PRODUCT_BUNDLE_IDENTIFIER = com.prongbang.MVISwiftUITests;
				PRODUCT_NAME = "$(TARGET_NAME)";
				SWIFT_VERSION = 5.0;
				TARGETED_DEVICE_FAMILY = "1,2";
				TEST_HOST = "$(BUILT_PRODUCTS_DIR)/MVISwiftUI.app/MVISwiftUI";
			};
			name = Debug;
		};
		FB3DED2C253C2C9F00C94BB1 /* Release */ = {
			isa = XCBuildConfiguration;
			buildSettings = {
				ALWAYS_EMBED_SWIFT_STANDARD_LIBRARIES = YES;
				BUNDLE_LOADER = "$(TEST_HOST)";
				CODE_SIGN_STYLE = Automatic;
				DEVELOPMENT_TEAM = 3ATXW43MG6;
				INFOPLIST_FILE = MVISwiftUITests/Info.plist;
				IPHONEOS_DEPLOYMENT_TARGET = 14.0;
				LD_RUNPATH_SEARCH_PATHS = (
					"$(inherited)",
					"@executable_path/Frameworks",
					"@loader_path/Frameworks",
				);
				PRODUCT_BUNDLE_IDENTIFIER = com.prongbang.MVISwiftUITests;
				PRODUCT_NAME = "$(TARGET_NAME)";
				SWIFT_VERSION = 5.0;
				TARGETED_DEVICE_FAMILY = "1,2";
				TEST_HOST = "$(BUILT_PRODUCTS_DIR)/MVISwiftUI.app/MVISwiftUI";
			};
			name = Release;
		};
		FB3DED2E253C2C9F00C94BB1 /* Debug */ = {
			isa = XCBuildConfiguration;
			buildSettings = {
				ALWAYS_EMBED_SWIFT_STANDARD_LIBRARIES = YES;
				CODE_SIGN_STYLE = Automatic;
				DEVELOPMENT_TEAM = 3ATXW43MG6;
				INFOPLIST_FILE = MVISwiftUIUITests/Info.plist;
				LD_RUNPATH_SEARCH_PATHS = (
					"$(inherited)",
					"@executable_path/Frameworks",
					"@loader_path/Frameworks",
				);
				PRODUCT_BUNDLE_IDENTIFIER = com.prongbang.MVISwiftUIUITests;
				PRODUCT_NAME = "$(TARGET_NAME)";
				SWIFT_VERSION = 5.0;
				TARGETED_DEVICE_FAMILY = "1,2";
				TEST_TARGET_NAME = MVISwiftUI;
			};
			name = Debug;
		};
		FB3DED2F253C2C9F00C94BB1 /* Release */ = {
			isa = XCBuildConfiguration;
			buildSettings = {
				ALWAYS_EMBED_SWIFT_STANDARD_LIBRARIES = YES;
				CODE_SIGN_STYLE = Automatic;
				DEVELOPMENT_TEAM = 3ATXW43MG6;
				INFOPLIST_FILE = MVISwiftUIUITests/Info.plist;
				LD_RUNPATH_SEARCH_PATHS = (
					"$(inherited)",
					"@executable_path/Frameworks",
					"@loader_path/Frameworks",
				);
				PRODUCT_BUNDLE_IDENTIFIER = com.prongbang.MVISwiftUIUITests;
				PRODUCT_NAME = "$(TARGET_NAME)";
				SWIFT_VERSION = 5.0;
				TARGETED_DEVICE_FAMILY = "1,2";
				TEST_TARGET_NAME = MVISwiftUI;
			};
			name = Release;
		};
/* End XCBuildConfiguration section */

/* Begin XCConfigurationList section */
		FB3DECFD253C2C9D00C94BB1 /* Build configuration list for PBXProject "MVISwiftUI" */ = {
			isa = XCConfigurationList;
			buildConfigurations = (
				FB3DED25253C2C9F00C94BB1 /* Debug */,
				FB3DED26253C2C9F00C94BB1 /* Release */,
			);
			defaultConfigurationIsVisible = 0;
			defaultConfigurationName = Release;
		};
		FB3DED27253C2C9F00C94BB1 /* Build configuration list for PBXNativeTarget "MVISwiftUI" */ = {
			isa = XCConfigurationList;
			buildConfigurations = (
				FB3DED28253C2C9F00C94BB1 /* Debug */,
				FB3DED29253C2C9F00C94BB1 /* Release */,
			);
			defaultConfigurationIsVisible = 0;
			defaultConfigurationName = Release;
		};
		FB3DED2A253C2C9F00C94BB1 /* Build configuration list for PBXNativeTarget "MVISwiftUITests" */ = {
			isa = XCConfigurationList;
			buildConfigurations = (
				FB3DED2B253C2C9F00C94BB1 /* Debug */,
				FB3DED2C253C2C9F00C94BB1 /* Release */,
			);
			defaultConfigurationIsVisible = 0;
			defaultConfigurationName = Release;
		};
		FB3DED2D253C2C9F00C94BB1 /* Build configuration list for PBXNativeTarget "MVISwiftUIUITests" */ = {
			isa = XCConfigurationList;
			buildConfigurations = (
				FB3DED2E253C2C9F00C94BB1 /* Debug */,
				FB3DED2F253C2C9F00C94BB1 /* Release */,
			);
			defaultConfigurationIsVisible = 0;
			defaultConfigurationName = Release;
		};
/* End XCConfigurationList section */
	};
	rootObject = FB3DECFA253C2C9D00C94BB1 /* Project object */;
}
